
Microsoft Visual Studio Solution File, Format Version 12.00
# Visual Studio 14
VisualStudioVersion = 14.0.25420.1
MinimumVisualStudioVersion = 10.0.40219.1
Project("{FAE04EC0-301F-11D3-BF4B-00C04F79EFBC}") = "KodiRemote.Core", "KodiRemote.Core\KodiRemote.Core.csproj", "{A6EF47CE-5995-45C5-BA3F-96F9FC3E9A28}"
EndProject
Project("{FAE04EC0-301F-11D3-BF4B-00C04F79EFBC}") = "KodiRemote.Wp81", "KodiRemote.Wp81\KodiRemote.Wp81.csproj", "{8B41CDFB-635D-43A2-8DC2-46967A4735D4}"
EndProject
Global
	GlobalSection(SolutionConfigurationPlatforms) = preSolution
		Debug|Any CPU = Debug|Any CPU
		Debug|ARM = Debug|ARM
		Debug|x86 = Debug|x86
		Release|Any CPU = Release|Any CPU
		Release|ARM = Release|ARM
		Release|x86 = Release|x86
	EndGlobalSection
	GlobalSection(ProjectConfigurationPlatforms) = postSolution
		{A6EF47CE-5995-45C5-BA3F-96F9FC3E9A28}.Debug|Any CPU.ActiveCfg = Debug|Any CPU
		{A6EF47CE-5995-45C5-BA3F-96F9FC3E9A28}.Debug|Any CPU.Build.0 = Debug|Any CPU
		{A6EF47CE-5995-45C5-BA3F-96F9FC3E9A28}.Debug|ARM.ActiveCfg = Debug|ARM
		{A6EF47CE-5995-45C5-BA3F-96F9FC3E9A28}.Debug|ARM.Build.0 = Debug|ARM
		{A6EF47CE-5995-45C5-BA3F-96F9FC3E9A28}.Debug|x86.ActiveCfg = Debug|x86
		{A6EF47CE-5995-45C5-BA3F-96F9FC3E9A28}.Debug|x86.Build.0 = Debug|x86
		{A6EF47CE-5995-45C5-BA3F-96F9FC3E9A28}.Release|Any CPU.ActiveCfg = Release|Any CPU
		{A6EF47CE-5995-45C5-BA3F-96F9FC3E9A28}.Release|Any CPU.Build.0 = Release|Any CPU
		{A6EF47CE-5995-45C5-BA3F-96F9FC3E9A28}.Release|ARM.ActiveCfg = Release|ARM
		{A6EF47CE-5995-45C5-BA3F-96F9FC3E9A28}.Release|ARM.Build.0 = Release|ARM
		{A6EF47CE-5995-45C5-BA3F-96F9FC3E9A28}.Release|x86.ActiveCfg = Release|x86
		{A6EF47CE-5995-45C5-BA3F-96F9FC3E9A28}.Release|x86.Build.0 = Release|x86
		{8B41CDFB-635D-43A2-8DC2-46967A4735D4}.Debug|Any CPU.ActiveCfg = Debug|Any CPU
		{8B41CDFB-635D-43A2-8DC2-46967A4735D4}.Debug|Any CPU.Build.0 = Debug|Any CPU
		{8B41CDFB-635D-43A2-8DC2-46967A4735D4}.Debug|Any CPU.Deploy.0 = Debug|Any CPU
		{8B41CDFB-635D-43A2-8DC2-46967A4735D4}.Debug|ARM.ActiveCfg = Debug|ARM
		{8B41CDFB-635D-43A2-8DC2-46967A4735D4}.Debug|ARM.Build.0 = Debug|ARM
		{8B41CDFB-635D-43A2-8DC2-46967A4735D4}.Debug|ARM.Deploy.0 = Debug|ARM
		{8B41CDFB-635D-43A2-8DC2-46967A4735D4}.Debug|x86.ActiveCfg = Debug|x86
		{8B41CDFB-635D-43A2-8DC2-46967A4735D4}.Debug|x86.Build.0 = Debug|x86
		{8B41CDFB-635D-43A2-8DC2-46967A4735D4}.Debug|x86.Deploy.0 = Debug|x86
		{8B41CDFB-635D-43A2-8DC2-46967A4735D4}.Release|Any CPU.ActiveCfg = Release|Any CPU
		{8B41CDFB-635D-43A2-8DC2-46967A4735D4}.Release|Any CPU.Build.0 = Release|Any CPU
		{8B41CDFB-635D-43A2-8DC2-46967A4735D4}.Release|Any CPU.Deploy.0 = Release|Any CPU
		{8B41CDFB-635D-43A2-8DC2-46967A4735D4}.Release|ARM.ActiveCfg = Release|ARM
		{8B41CDFB-635D-43A2-8DC2-46967A4735D4}.Release|ARM.Build.0 = Release|ARM
		{8B41CDFB-635D-43A2-8DC2-46967A4735D4}.Release|ARM.Deploy.0 = Release|ARM
		{8B41CDFB-635D-43A2-8DC2-46967A4735D4}.Release|x86.ActiveCfg = Release|x86
		{8B41CDFB-635D-43A2-8DC2-46967A4735D4}.Release|x86.Build.0 = Release|x86
		{8B41CDFB-635D-43A2-8DC2-46967A4735D4}.Release|x86.Deploy.0 = Release|x86
	EndGlobalSection
	GlobalSection(SolutionProperties) = preSolution
		HideSolutionNode = FALSE
	EndGlobalSection
EndGlobal
